
Microsoft Visual Studio Solution File, Format Version 12.00
# Visual Studio Version 16
VisualStudioVersion = 16.0.32602.291
MinimumVisualStudioVersion = 10.0.40219.1
Project("{FAE04EC0-301F-11D3-BF4B-00C04F79EFBC}") = "DeliciousSlime", "DeliciousSlime.csproj", "{3025AAF2-1FAD-429D-827C-B9C033728621}"
EndProject
Global
	GlobalSection(SolutionConfigurationPlatforms) = preSolution
		Debug|Any CPU = Debug|Any CPU
		Release|Any CPU = Release|Any CPU
	EndGlobalSection
	GlobalSection(ProjectConfigurationPlatforms) = postSolution
		{3025AAF2-1FAD-429D-827C-B9C033728621}.Debug|Any CPU.ActiveCfg = Debug|Any CPU
		{3025AAF2-1FAD-429D-827C-B9C033728621}.Debug|Any CPU.Build.0 = Debug|Any CPU
		{3025AAF2-1FAD-429D-827C-B9C033728621}.Release|Any CPU.ActiveCfg = Release|Any CPU
		{3025AAF2-1FAD-429D-827C-B9C033728621}.Release|Any CPU.Build.0 = Release|Any CPU
	EndGlobalSection
	GlobalSection(SolutionProperties) = preSolution
		HideSolutionNode = FALSE
	EndGlobalSection
	GlobalSection(ExtensibilityGlobals) = postSolution
		SolutionGuid = {3D163F9A-8864-409C-9FBC-4B5566793E05}
	EndGlobalSection
EndGlobal
